
Microsoft Visual Studio Solution File, Format Version 12.00
# Visual Studio Version 17
VisualStudioVersion = 17.14.36401.2 d17.14
MinimumVisualStudioVersion = 10.0.40219.1
Project("{FAE04EC0-301F-11D3-BF4B-00C04F79EFBC}") = "ApiResponseExamplesDemo", "ApiResponseExamplesDemo.csproj", "{A4BD3813-6397-3492-75F9-894819C90F36}"
EndProject
Global
	GlobalSection(SolutionConfigurationPlatforms) = preSolution
		Debug|Any CPU = Debug|Any CPU
		Release|Any CPU = Release|Any CPU
	EndGlobalSection
	GlobalSection(ProjectConfigurationPlatforms) = postSolution
		{A4BD3813-6397-3492-75F9-894819C90F36}.Debug|Any CPU.ActiveCfg = Debug|Any CPU
		{A4BD3813-6397-3492-75F9-894819C90F36}.Debug|Any CPU.Build.0 = Debug|Any CPU
		{A4BD3813-6397-3492-75F9-894819C90F36}.Release|Any CPU.ActiveCfg = Release|Any CPU
		{A4BD3813-6397-3492-75F9-894819C90F36}.Release|Any CPU.Build.0 = Release|Any CPU
	EndGlobalSection
	GlobalSection(SolutionProperties) = preSolution
		HideSolutionNode = FALSE
	EndGlobalSection
	GlobalSection(ExtensibilityGlobals) = postSolution
		SolutionGuid = {31DEA873-17FD-4336-BF14-CF8636AF23EE}
	EndGlobalSection
EndGlobal
